// !$*UTF8*$!
{
	archiveVersion = 1;
	classes = {
	};
	objectVersion = 50;
	objects = {

/* Begin PBXBuildFile section */
		3B0A12462358A14A00EC49BD /* GoogleService-Info.plist in Resources */ = {isa = PBXBuildFile; fileRef = 3B0A12452358A14A00EC49BD /* GoogleService-Info.plist */; };
		3BD7AC4523586083000D84BD /* AppDelegate.swift in Sources */ = {isa = PBXBuildFile; fileRef = 3BD7AC4423586083000D84BD /* AppDelegate.swift */; };
		3BD7AC4723586083000D84BD /* ViewController.swift in Sources */ = {isa = PBXBuildFile; fileRef = 3BD7AC4623586083000D84BD /* ViewController.swift */; };
		3BD7AC4A23586083000D84BD /* Main.storyboard in Resources */ = {isa = PBXBuildFile; fileRef = 3BD7AC4823586083000D84BD /* Main.storyboard */; };
		3BD7AC4C23586084000D84BD /* Assets.xcassets in Resources */ = {isa = PBXBuildFile; fileRef = 3BD7AC4B23586084000D84BD /* Assets.xcassets */; };
		3BD7AC4F23586084000D84BD /* LaunchScreen.storyboard in Resources */ = {isa = PBXBuildFile; fileRef = 3BD7AC4D23586084000D84BD /* LaunchScreen.storyboard */; };
		F2EB350D9FAA39C582BE77AE /* Pods_FirebaseProjects.framework in Frameworks */ = {isa = PBXBuildFile; fileRef = 6173521DD71EB3CB21C22C4C /* Pods_FirebaseProjects.framework */; };
/* End PBXBuildFile section */

/* Begin PBXFileReference section */
		3B0A12452358A14A00EC49BD /* GoogleService-Info.plist */ = {isa = PBXFileReference; fileEncoding = 4; lastKnownFileType = text.plist.xml; path = "GoogleService-Info.plist"; sourceTree = "<group>"; };
		3BD7AC4123586083000D84BD /* FirebaseProjects.app */ = {isa = PBXFileReference; explicitFileType = wrapper.application; includeInIndex = 0; path = FirebaseProjects.app; sourceTree = BUILT_PRODUCTS_DIR; };
		3BD7AC4423586083000D84BD /* AppDelegate.swift */ = {isa = PBXFileReference; lastKnownFileType = sourcecode.swift; path = AppDelegate.swift; sourceTree = "<group>"; };
		3BD7AC4623586083000D84BD /* ViewController.swift */ = {isa = PBXFileReference; lastKnownFileType = sourcecode.swift; path = ViewController.swift; sourceTree = "<group>"; };
		3BD7AC4923586083000D84BD /* Base */ = {isa = PBXFileReference; lastKnownFileType = file.storyboard; name = Base; path = Base.lproj/Main.storyboard; sourceTree = "<group>"; };
		3BD7AC4B23586084000D84BD /* Assets.xcassets */ = {isa = PBXFileReference; lastKnownFileType = folder.assetcatalog; path = Assets.xcassets; sourceTree = "<group>"; };
		3BD7AC4E23586084000D84BD /* Base */ = {isa = PBXFileReference; lastKnownFileType = file.storyboard; name = Base; path = Base.lproj/LaunchScreen.storyboard; sourceTree = "<group>"; };
		3BD7AC5023586084000D84BD /* Info.plist */ = {isa = PBXFileReference; lastKnownFileType = text.plist.xml; path = Info.plist; sourceTree = "<group>"; };
		5BC8988E0BFD5B39F25F5BD3 /* Pods-FirebaseProjects.release.xcconfig */ = {isa = PBXFileReference; includeInIndex = 1; lastKnownFileType = text.xcconfig; name = "Pods-FirebaseProjects.release.xcconfig"; path = "Target Support Files/Pods-FirebaseProjects/Pods-FirebaseProjects.release.xcconfig"; sourceTree = "<group>"; };
		6173521DD71EB3CB21C22C4C /* Pods_FirebaseProjects.framework */ = {isa = PBXFileReference; explicitFileType = wrapper.framework; includeInIndex = 0; path = Pods_FirebaseProjects.framework; sourceTree = BUILT_PRODUCTS_DIR; };
		D477C560CF06BE755022345E /* Pods-FirebaseProjects.debug.xcconfig */ = {isa = PBXFileReference; includeInIndex = 1; lastKnownFileType = text.xcconfig; name = "Pods-FirebaseProjects.debug.xcconfig"; path = "Target Support Files/Pods-FirebaseProjects/Pods-FirebaseProjects.debug.xcconfig"; sourceTree = "<group>"; };
/* End PBXFileReference section */

/* Begin PBXFrameworksBuildPhase section */
		3BD7AC3E23586083000D84BD /* Frameworks */ = {
			isa = PBXFrameworksBuildPhase;
			buildActionMask = 2147483647;
			files = (
				F2EB350D9FAA39C582BE77AE /* Pods_FirebaseProjects.framework in Frameworks */,
			);
			runOnlyForDeploymentPostprocessing = 0;
		};
/* End PBXFrameworksBuildPhase section */

/* Begin PBXGroup section */
		3BD7AC3823586083000D84BD = {
			isa = PBXGroup;
			children = (
				3BD7AC4323586083000D84BD /* FirebaseProjects */,
				3BD7AC4223586083000D84BD /* Products */,
				D3C65ECCC1411D191FD37801 /* Pods */,
				D43D4085125F89205A8DAEC6 /* Frameworks */,
			);
			sourceTree = "<group>";
		};
		3BD7AC4223586083000D84BD /* Products */ = {
			isa = PBXGroup;
			children = (
				3BD7AC4123586083000D84BD /* FirebaseProjects.app */,
			);
			name = Products;
			sourceTree = "<group>";
		};
		3BD7AC4323586083000D84BD /* FirebaseProjects */ = {
			isa = PBXGroup;
			children = (
				3BD7AC4423586083000D84BD /* AppDelegate.swift */,
				3BD7AC4623586083000D84BD /* ViewController.swift */,
				3BD7AC4823586083000D84BD /* Main.storyboard */,
				3BD7AC4B23586084000D84BD /* Assets.xcassets */,
				3BD7AC4D23586084000D84BD /* LaunchScreen.storyboard */,
				3BD7AC5023586084000D84BD /* Info.plist */,
				3B0A12452358A14A00EC49BD /* GoogleService-Info.plist */,
			);
			path = FirebaseProjects;
			sourceTree = "<group>";
		};
		D3C65ECCC1411D191FD37801 /* Pods */ = {
			isa = PBXGroup;
			children = (
				D477C560CF06BE755022345E /* Pods-FirebaseProjects.debug.xcconfig */,
				5BC8988E0BFD5B39F25F5BD3 /* Pods-FirebaseProjects.release.xcconfig */,
			);
			name = Pods;
			path = Pods;
			sourceTree = "<group>";
		};
		D43D4085125F89205A8DAEC6 /* Frameworks */ = {
			isa = PBXGroup;
			children = (
				6173521DD71EB3CB21C22C4C /* Pods_FirebaseProjects.framework */,
			);
			name = Frameworks;
			sourceTree = "<group>";
		};
/* End PBXGroup section */

/* Begin PBXNativeTarget section */
		3BD7AC4023586083000D84BD /* FirebaseProjects */ = {
			isa = PBXNativeTarget;
			buildConfigurationList = 3BD7AC5323586084000D84BD /* Build configuration list for PBXNativeTarget "FirebaseProjects" */;
			buildPhases = (
				CD21DC73A5F3FC3ADC874A66 /* [CP] Check Pods Manifest.lock */,
				3BD7AC3D23586083000D84BD /* Sources */,
				3BD7AC3E23586083000D84BD /* Frameworks */,
				3BD7AC3F23586083000D84BD /* Resources */,
				A915C300EF4CC55FF0504947 /* [CP] Embed Pods Frameworks */,
			);
			buildRules = (
			);
			dependencies = (
			);
			name = FirebaseProjects;
			productName = FirebaseProjects;
			productReference = 3BD7AC4123586083000D84BD /* FirebaseProjects.app */;
			productType = "com.apple.product-type.application";
		};
/* End PBXNativeTarget section */

/* Begin PBXProject section */
		3BD7AC3923586083000D84BD /* Project object */ = {
			isa = PBXProject;
			attributes = {
				LastSwiftUpdateCheck = 1020;
				LastUpgradeCheck = 1020;
				ORGANIZATIONNAME = Mostafa;
				TargetAttributes = {
					3BD7AC4023586083000D84BD = {
						CreatedOnToolsVersion = 10.2;
					};
				};
			};
			buildConfigurationList = 3BD7AC3C23586083000D84BD /* Build configuration list for PBXProject "FirebaseProjects" */;
			compatibilityVersion = "Xcode 9.3";
			developmentRegion = en;
			hasScannedForEncodings = 0;
			knownRegions = (
				en,
				Base,
			);
			mainGroup = 3BD7AC3823586083000D84BD;
			productRefGroup = 3BD7AC4223586083000D84BD /* Products */;
			projectDirPath = "";
			projectRoot = "";
			targets = (
				3BD7AC4023586083000D84BD /* FirebaseProjects */,
			);
		};
/* End PBXProject section */

/* Begin PBXResourcesBuildPhase section */
		3BD7AC3F23586083000D84BD /* Resources */ = {
			isa = PBXResourcesBuildPhase;
			buildActionMask = 2147483647;
			files = (
				3BD7AC4F23586084000D84BD /* LaunchScreen.storyboard in Resources */,
				3B0A12462358A14A00EC49BD /* GoogleService-Info.plist in Resources */,
				3BD7AC4C23586084000D84BD /* Assets.xcassets in Resources */,
				3BD7AC4A23586083000D84BD /* Main.storyboard in Resources */,
			);
			runOnlyForDeploymentPostprocessing = 0;
		};
/* End PBXResourcesBuildPhase section */

/* Begin PBXShellScriptBuildPhase section */
		A915C300EF4CC55FF0504947 /* [CP] Embed Pods Frameworks */ = {
			isa = PBXShellScriptBuildPhase;
			buildActionMask = 2147483647;
			files = (
			);
			inputFileListPaths = (
				"${PODS_ROOT}/Target Support Files/Pods-FirebaseProjects/Pods-FirebaseProjects-frameworks-${CONFIGURATION}-input-files.xcfilelist",
			);
			name = "[CP] Embed Pods Frameworks";
			outputFileListPaths = (
				"${PODS_ROOT}/Target Support Files/Pods-FirebaseProjects/Pods-FirebaseProjects-frameworks-${CONFIGURATION}-output-files.xcfilelist",
			);
			runOnlyForDeploymentPostprocessing = 0;
			shellPath = /bin/sh;
			shellScript = "\"${PODS_ROOT}/Target Support Files/Pods-FirebaseProjects/Pods-FirebaseProjects-frameworks.sh\"\n";
			showEnvVarsInLog = 0;
		};
		CD21DC73A5F3FC3ADC874A66 /* [CP] Check Pods Manifest.lock */ = {
			isa = PBXShellScriptBuildPhase;
			buildActionMask = 2147483647;
			files = (
			);
			inputFileListPaths = (
			);
			inputPaths = (
				"${PODS_PODFILE_DIR_PATH}/Podfile.lock",
				"${PODS_ROOT}/Manifest.lock",
			);
			name = "[CP] Check Pods Manifest.lock";
			outputFileListPaths = (
			);
			outputPaths = (
				"$(DERIVED_FILE_DIR)/Pods-FirebaseProjects-checkManifestLockResult.txt",
			);
			runOnlyForDeploymentPostprocessing = 0;
			shellPath = /bin/sh;
			shellScript = "diff \"${PODS_PODFILE_DIR_PATH}/Podfile.lock\" \"${PODS_ROOT}/Manifest.lock\" > /dev/null\nif [ $? != 0 ] ; then\n    # print error to STDERR\n    echo \"error: The sandbox is not in sync with the Podfile.lock. Run 'pod install' or update your CocoaPods installation.\" >&2\n    exit 1\nfi\n# This output is used by Xcode 'outputs' to avoid re-running this script phase.\necho \"SUCCESS\" > \"${SCRIPT_OUTPUT_FILE_0}\"\n";
			showEnvVarsInLog = 0;
		};
/* End PBXShellScriptBuildPhase section */

/* Begin PBXSourcesBuildPhase section */
		3BD7AC3D23586083000D84BD /* Sources */ = {
			isa = PBXSourcesBuildPhase;
			buildActionMask = 2147483647;
			files = (
				3BD7AC4723586083000D84BD /* ViewController.swift in Sources */,
				3BD7AC4523586083000D84BD /* AppDelegate.swift in Sources */,
			);
			runOnlyForDeploymentPostprocessing = 0;
		};
/* End PBXSourcesBuildPhase section */

/* Begin PBXVariantGroup section */
		3BD7AC4823586083000D84BD /* Main.storyboard */ = {
			isa = PBXVariantGroup;
			children = (
				3BD7AC4923586083000D84BD /* Base */,
			);
			name = Main.storyboard;
			sourceTree = "<group>";
		};
		3BD7AC4D23586084000D84BD /* LaunchScreen.storyboard */ = {
			isa = PBXVariantGroup;
			children = (
				3BD7AC4E23586084000D84BD /* Base */,
			);
			name = LaunchScreen.storyboard;
			sourceTree = "<group>";
		};
/* End PBXVariantGroup section */

/* Begin XCBuildConfiguration section */
		3BD7AC5123586084000D84BD /* Debug */ = {
			isa = XCBuildConfiguration;
			buildSettings = {
				ALWAYS_SEARCH_USER_PATHS = NO;
				CLANG_ANALYZER_NONNULL = YES;
				CLANG_ANALYZER_NUMBER_OBJECT_CONVERSION = YES_AGGRESSIVE;
				CLANG_CXX_LANGUAGE_STANDARD = "gnu++14";
				CLANG_CXX_LIBRARY = "libc++";
				CLANG_ENABLE_MODULES = YES;
				CLANG_ENABLE_OBJC_ARC = YES;
				CLANG_ENABLE_OBJC_WEAK = YES;
				CLANG_WARN_BLOCK_CAPTURE_AUTORELEASING = YES;
				CLANG_WARN_BOOL_CONVERSION = YES;
				CLANG_WARN_COMMA = YES;
				CLANG_WARN_CONSTANT_CONVERSION = YES;
				CLANG_WARN_DEPRECATED_OBJC_IMPLEMENTATIONS = YES;
				CLANG_WARN_DIRECT_OBJC_ISA_USAGE = YES_ERROR;
				CLANG_WARN_DOCUMENTATION_COMMENTS = YES;
				CLANG_WARN_EMPTY_BODY = YES;
				CLANG_WARN_ENUM_CONVERSION = YES;
				CLANG_WARN_INFINITE_RECURSION = YES;
				CLANG_WARN_INT_CONVERSION = YES;
				CLANG_WARN_NON_LITERAL_NULL_CONVERSION = YES;
				CLANG_WARN_OBJC_IMPLICIT_RETAIN_SELF = YES;
				CLANG_WARN_OBJC_LITERAL_CONVERSION = YES;
				CLANG_WARN_OBJC_ROOT_CLASS = YES_ERROR;
				CLANG_WARN_RANGE_LOOP_ANALYSIS = YES;
				CLANG_WARN_STRICT_PROTOTYPES = YES;
				CLANG_WARN_SUSPICIOUS_MOVE = YES;
				CLANG_WARN_UNGUARDED_AVAILABILITY = YES_AGGRESSIVE;
				CLANG_WARN_UNREACHABLE_CODE = YES;
				CLANG_WARN__DUPLICATE_METHOD_MATCH = YES;
				CODE_SIGN_IDENTITY = "iPhone Developer";
				COPY_PHASE_STRIP = NO;
				DEBUG_INFORMATION_FORMAT = dwarf;
				ENABLE_STRICT_OBJC_MSGSEND = YES;
				ENABLE_TESTABILITY = YES;
				GCC_C_LANGUAGE_STANDARD = gnu11;
				GCC_DYNAMIC_NO_PIC = NO;
				GCC_NO_COMMON_BLOCKS = YES;
				GCC_OPTIMIZATION_LEVEL = 0;
				GCC_PREPROCESSOR_DEFINITIONS = (
					"DEBUG=1",
					"$(inherited)",
				);
				GCC_WARN_64_TO_32_BIT_CONVERSION = YES;
				GCC_WARN_ABOUT_RETURN_TYPE = YES_ERROR;
				GCC_WARN_UNDECLARED_SELECTOR = YES;
				GCC_WARN_UNINITIALIZED_AUTOS = YES_AGGRESSIVE;
				GCC_WARN_UNUSED_FUNCTION = YES;
				GCC_WARN_UNUSED_VARIABLE = YES;
				IPHONEOS_DEPLOYMENT_TARGET = 12.2;
				MTL_ENABLE_DEBUG_INFO = INCLUDE_SOURCE;
				MTL_FAST_MATH = YES;
				ONLY_ACTIVE_ARCH = YES;
				SDKROOT = iphoneos;
				SWIFT_ACTIVE_COMPILATION_CONDITIONS = DEBUG;
				SWIFT_OPTIMIZATION_LEVEL = "-Onone";
			};
			name = Debug;
		};
		3BD7AC5223586084000D84BD /* Release */ = {
			isa = XCBuildConfiguration;
			buildSettings = {
				ALWAYS_SEARCH_USER_PATHS = NO;
				CLANG_ANALYZER_NONNULL = YES;
				CLANG_ANALYZER_NUMBER_OBJECT_CONVERSION = YES_AGGRESSIVE;
				CLANG_CXX_LANGUAGE_STANDARD = "gnu++14";
				CLANG_CXX_LIBRARY = "libc++";
				CLANG_ENABLE_MODULES = YES;
				CLANG_ENABLE_OBJC_ARC = YES;
				CLANG_ENABLE_OBJC_WEAK = YES;
				CLANG_WARN_BLOCK_CAPTURE_AUTORELEASING = YES;
				CLANG_WARN_BOOL_CONVERSION = YES;
				CLANG_WARN_COMMA = YES;
				CLANG_WARN_CONSTANT_CONVERSION = YES;
				CLANG_WARN_DEPRECATED_OBJC_IMPLEMENTATIONS = YES;
				CLANG_WARN_DIRECT_OBJC_ISA_USAGE = YES_ERROR;
				CLANG_WARN_DOCUMENTATION_COMMENTS = YES;
				CLANG_WARN_EMPTY_BODY = YES;
				CLANG_WARN_ENUM_CONVERSION = YES;
				CLANG_WARN_INFINITE_RECURSION = YES;
				CLANG_WARN_INT_CONVERSION = YES;
				CLANG_WARN_NON_LITERAL_NULL_CONVERSION = YES;
				CLANG_WARN_OBJC_IMPLICIT_RETAIN_SELF = YES;
				CLANG_WARN_OBJC_LITERAL_CONVERSION = YES;
				CLANG_WARN_OBJC_ROOT_CLASS = YES_ERROR;
				CLANG_WARN_RANGE_LOOP_ANALYSIS = YES;
				CLANG_WARN_STRICT_PROTOTYPES = YES;
				CLANG_WARN_SUSPICIOUS_MOVE = YES;
				CLANG_WARN_UNGUARDED_AVAILABILITY = YES_AGGRESSIVE;
				CLANG_WARN_UNREACHABLE_CODE = YES;
				CLANG_WARN__DUPLICATE_METHOD_MATCH = YES;
				CODE_SIGN_IDENTITY = "iPhone Developer";
				COPY_PHASE_STRIP = NO;
				DEBUG_INFORMATION_FORMAT = "dwarf-with-dsym";
				ENABLE_NS_ASSERTIONS = NO;
				ENABLE_STRICT_OBJC_MSGSEND = YES;
				GCC_C_LANGUAGE_STANDARD = gnu11;
				GCC_NO_COMMON_BLOCKS = YES;
				GCC_WARN_64_TO_32_BIT_CONVERSION = YES;
				GCC_WARN_ABOUT_RETURN_TYPE = YES_ERROR;
				GCC_WARN_UNDECLARED_SELECTOR = YES;
				GCC_WARN_UNINITIALIZED_AUTOS = YES_AGGRESSIVE;
				GCC_WARN_UNUSED_FUNCTION = YES;
				GCC_WARN_UNUSED_VARIABLE = YES;
				IPHONEOS_DEPLOYMENT_TARGET = 12.2;
				MTL_ENABLE_DEBUG_INFO = NO;
				MTL_FAST_MATH = YES;
				SDKROOT = iphoneos;
				SWIFT_COMPILATION_MODE = wholemodule;
				SWIFT_OPTIMIZATION_LEVEL = "-O";
				VALIDATE_PRODUCT = YES;
			};
			name = Release;
		};
		3BD7AC5423586084000D84BD /* Debug */ = {
			isa = XCBuildConfiguration;
			baseConfigurationReference = D477C560CF06BE755022345E /* Pods-FirebaseProjects.debug.xcconfig */;
			buildSettings = {
				ASSETCATALOG_COMPILER_APPICON_NAME = AppIcon;
				CODE_SIGN_STYLE = Automatic;
				INFOPLIST_FILE = FirebaseProjects/Info.plist;
				LD_RUNPATH_SEARCH_PATHS = (
					"$(inherited)",
					"@executable_path/Frameworks",
				);
				PRODUCT_BUNDLE_IDENTIFIER = com.mostafa.FirebaseProjects;
				PRODUCT_NAME = "$(TARGET_NAME)";
				SWIFT_VERSION = 5.0;
				TARGETED_DEVICE_FAMILY = 1;
			};
			name = Debug;
		};
		3BD7AC5523586084000D84BD /* Release */ = {
			isa = XCBuildConfiguration;
			baseConfigurationReference = 5BC8988E0BFD5B39F25F5BD3 /* Pods-FirebaseProjects.release.xcconfig */;
			buildSettings = {
				ASSETCATALOG_COMPILER_APPICON_NAME = AppIcon;
				CODE_SIGN_STYLE = Automatic;
				INFOPLIST_FILE = FirebaseProjects/Info.plist;
				LD_RUNPATH_SEARCH_PATHS = (
					"$(inherited)",
					"@executable_path/Frameworks",
				);
				PRODUCT_BUNDLE_IDENTIFIER = com.mostafa.FirebaseProjects;
				PRODUCT_NAME = "$(TARGET_NAME)";
				SWIFT_VERSION = 5.0;
				TARGETED_DEVICE_FAMILY = 1;
			};
			name = Release;
		};
/* End XCBuildConfiguration section */

/* Begin XCConfigurationList section */
		3BD7AC3C23586083000D84BD /* Build configuration list for PBXProject "FirebaseProjects" */ = {
			isa = XCConfigurationList;
			buildConfigurations = (
				3BD7AC5123586084000D84BD /* Debug */,
				3BD7AC5223586084000D84BD /* Release */,
			);
			defaultConfigurationIsVisible = 0;
			defaultConfigurationName = Release;
		};
		3BD7AC5323586084000D84BD /* Build configuration list for PBXNativeTarget "FirebaseProjects" */ = {
			isa = XCConfigurationList;
			buildConfigurations = (
				3BD7AC5423586084000D84BD /* Debug */,
				3BD7AC5523586084000D84BD /* Release */,
			);
			defaultConfigurationIsVisible = 0;
			defaultConfigurationName = Release;
		};
/* End XCConfigurationList section */
	};
	rootObject = 3BD7AC3923586083000D84BD /* Project object */;
}
